
Microsoft Visual Studio Solution File, Format Version 12.00
# Visual Studio Version 16
VisualStudioVersion = 16.0.31829.152
MinimumVisualStudioVersion = 10.0.40219.1
Project("{FAE04EC0-301F-11D3-BF4B-00C04F79EFBC}") = "Задание 18", "Задание 18\Задание 18.csproj", "{1FB7B0E1-8374-4738-8027-DE6B2EB9BA7A}"
EndProject
Global
	GlobalSection(SolutionConfigurationPlatforms) = preSolution
		Debug|Any CPU = Debug|Any CPU
		Release|Any CPU = Release|Any CPU
	EndGlobalSection
	GlobalSection(ProjectConfigurationPlatforms) = postSolution
		{1FB7B0E1-8374-4738-8027-DE6B2EB9BA7A}.Debug|Any CPU.ActiveCfg = Debug|Any CPU
		{1FB7B0E1-8374-4738-8027-DE6B2EB9BA7A}.Debug|Any CPU.Build.0 = Debug|Any CPU
		{1FB7B0E1-8374-4738-8027-DE6B2EB9BA7A}.Release|Any CPU.ActiveCfg = Release|Any CPU
		{1FB7B0E1-8374-4738-8027-DE6B2EB9BA7A}.Release|Any CPU.Build.0 = Release|Any CPU
	EndGlobalSection
	GlobalSection(SolutionProperties) = preSolution
		HideSolutionNode = FALSE
	EndGlobalSection
	GlobalSection(ExtensibilityGlobals) = postSolution
		SolutionGuid = {EF3E6342-DFA5-4DAA-9FC1-0F03AEA35D95}
	EndGlobalSection
EndGlobal
